// !$*UTF8*$!
{
	archiveVersion = 1;
	classes = {
	};
	objectVersion = 56;
	objects = {

/* Begin PBXBuildFile section */
		001 /* BlossomApp.swift in Sources */ = {isa = PBXBuildFile; fileRef = 101; };
		002 /* ContentView.swift in Sources */ = {isa = PBXBuildFile; fileRef = 102; };
		003 /* Theme.swift in Sources */ = {isa = PBXBuildFile; fileRef = 103; };
		004 /* Models.swift in Sources */ = {isa = PBXBuildFile; fileRef = 104; };
		005 /* HomeView.swift in Sources */ = {isa = PBXBuildFile; fileRef = 105; };
		006 /* TasksView.swift in Sources */ = {isa = PBXBuildFile; fileRef = 106; };
		007 /* HospitalBagView.swift in Sources */ = {isa = PBXBuildFile; fileRef = 107; };
		008 /* KnowledgeView.swift in Sources */ = {isa = PBXBuildFile; fileRef = 108; };
		009 /* Assets.xcassets in Resources */ = {isa = PBXBuildFile; fileRef = 109; };
		010 /* ArticleContent.swift in Sources */ = {isa = PBXBuildFile; fileRef = 110; };
		011 /* Articles in Resources */ = {isa = PBXBuildFile; fileRef = 111; };
		012 /* KegelExerciseView.swift in Sources */ = {isa = PBXBuildFile; fileRef = 112; };
		013 /* LamazeExerciseView.swift in Sources */ = {isa = PBXBuildFile; fileRef = 113; };
		015 /* OnboardingView.swift in Sources */ = {isa = PBXBuildFile; fileRef = 115; };
		016 /* MarkdownView.swift in Sources */ = {isa = PBXBuildFile; fileRef = 117; };
		019 /* NotificationManager.swift in Sources */ = {isa = PBXBuildFile; fileRef = 120; };
		020 /* NotificationPreRequestView.swift in Sources */ = {isa = PBXBuildFile; fileRef = 121; };
		021 /* BlossomFlowerIcon.swift in Sources */ = {isa = PBXBuildFile; fileRef = 122; };
		022 /* ExerciseCompletionView.swift in Sources */ = {isa = PBXBuildFile; fileRef = 123; };
		024 /* NotoSerifSC-Light.ttf in Resources */ = {isa = PBXBuildFile; fileRef = 125; };
		025 /* NotoSerifSC-Regular.ttf in Resources */ = {isa = PBXBuildFile; fileRef = 126; };
		026 /* NotoSerifSC-Medium.ttf in Resources */ = {isa = PBXBuildFile; fileRef = 127; };
		027 /* NotoSerifSC-SemiBold.ttf in Resources */ = {isa = PBXBuildFile; fileRef = 128; };
		028 /* NotoSerifSC-Bold.ttf in Resources */ = {isa = PBXBuildFile; fileRef = 129; };
		712 /* BlossomUITests.swift in Sources */ = {isa = PBXBuildFile; fileRef = 710; };
/* End PBXBuildFile section */

/* Begin PBXFileReference section */
		100 /* Blossom.app */ = {isa = PBXFileReference; explicitFileType = wrapper.application; includeInIndex = 0; path = Blossom.app; sourceTree = BUILT_PRODUCTS_DIR; };
		101 /* BlossomApp.swift */ = {isa = PBXFileReference; lastKnownFileType = sourcecode.swift; path = BlossomApp.swift; sourceTree = "<group>"; };
		102 /* ContentView.swift */ = {isa = PBXFileReference; lastKnownFileType = sourcecode.swift; path = ContentView.swift; sourceTree = "<group>"; };
		103 /* Theme.swift */ = {isa = PBXFileReference; lastKnownFileType = sourcecode.swift; path = Theme.swift; sourceTree = "<group>"; };
		104 /* Models.swift */ = {isa = PBXFileReference; lastKnownFileType = sourcecode.swift; path = Models.swift; sourceTree = "<group>"; };
		105 /* HomeView.swift */ = {isa = PBXFileReference; lastKnownFileType = sourcecode.swift; path = HomeView.swift; sourceTree = "<group>"; };
		106 /* TasksView.swift */ = {isa = PBXFileReference; lastKnownFileType = sourcecode.swift; path = TasksView.swift; sourceTree = "<group>"; };
		107 /* HospitalBagView.swift */ = {isa = PBXFileReference; lastKnownFileType = sourcecode.swift; path = HospitalBagView.swift; sourceTree = "<group>"; };
		108 /* KnowledgeView.swift */ = {isa = PBXFileReference; lastKnownFileType = sourcecode.swift; path = KnowledgeView.swift; sourceTree = "<group>"; };
		109 /* Assets.xcassets */ = {isa = PBXFileReference; lastKnownFileType = folder.assetcatalog; path = Assets.xcassets; sourceTree = "<group>"; };
		110 /* ArticleContent.swift */ = {isa = PBXFileReference; lastKnownFileType = sourcecode.swift; path = ArticleContent.swift; sourceTree = "<group>"; };
		111 /* Articles */ = {isa = PBXFileReference; lastKnownFileType = folder; path = Articles; sourceTree = "<group>"; };
		112 /* KegelExerciseView.swift */ = {isa = PBXFileReference; lastKnownFileType = sourcecode.swift; path = KegelExerciseView.swift; sourceTree = "<group>"; };
		113 /* LamazeExerciseView.swift */ = {isa = PBXFileReference; lastKnownFileType = sourcecode.swift; path = LamazeExerciseView.swift; sourceTree = "<group>"; };
		115 /* OnboardingView.swift */ = {isa = PBXFileReference; lastKnownFileType = sourcecode.swift; path = OnboardingView.swift; sourceTree = "<group>"; };
		117 /* MarkdownView.swift */ = {isa = PBXFileReference; lastKnownFileType = sourcecode.swift; path = MarkdownView.swift; sourceTree = "<group>"; };
		116 /* Info.plist */ = {isa = PBXFileReference; lastKnownFileType = text.plist.xml; path = Info.plist; sourceTree = "<group>"; };
		120 /* NotificationManager.swift */ = {isa = PBXFileReference; lastKnownFileType = sourcecode.swift; path = NotificationManager.swift; sourceTree = "<group>"; };
		121 /* NotificationPreRequestView.swift */ = {isa = PBXFileReference; lastKnownFileType = sourcecode.swift; path = NotificationPreRequestView.swift; sourceTree = "<group>"; };
		122 /* BlossomFlowerIcon.swift */ = {isa = PBXFileReference; lastKnownFileType = sourcecode.swift; path = BlossomFlowerIcon.swift; sourceTree = "<group>"; };
		123 /* ExerciseCompletionView.swift */ = {isa = PBXFileReference; lastKnownFileType = sourcecode.swift; path = ExerciseCompletionView.swift; sourceTree = "<group>"; };
		125 /* NotoSerifSC-Light.ttf */ = {isa = PBXFileReference; lastKnownFileType = file; path = "NotoSerifSC-Light.ttf"; sourceTree = "<group>"; };
		126 /* NotoSerifSC-Regular.ttf */ = {isa = PBXFileReference; lastKnownFileType = file; path = "NotoSerifSC-Regular.ttf"; sourceTree = "<group>"; };
		127 /* NotoSerifSC-Medium.ttf */ = {isa = PBXFileReference; lastKnownFileType = file; path = "NotoSerifSC-Medium.ttf"; sourceTree = "<group>"; };
		128 /* NotoSerifSC-SemiBold.ttf */ = {isa = PBXFileReference; lastKnownFileType = file; path = "NotoSerifSC-SemiBold.ttf"; sourceTree = "<group>"; };
		129 /* NotoSerifSC-Bold.ttf */ = {isa = PBXFileReference; lastKnownFileType = file; path = "NotoSerifSC-Bold.ttf"; sourceTree = "<group>"; };
		710 /* BlossomUITests.swift */ = {isa = PBXFileReference; lastKnownFileType = sourcecode.swift; path = BlossomUITests.swift; sourceTree = "<group>"; };
		711 /* BlossomUITests.xctest */ = {isa = PBXFileReference; explicitFileType = wrapper.cfbundle; includeInIndex = 0; path = BlossomUITests.xctest; sourceTree = BUILT_PRODUCTS_DIR; };
/* End PBXFileReference section */

/* Begin PBXGroup section */
		200 = {
			isa = PBXGroup;
			children = (
				201 /* Blossom */,
				720 /* BlossomUITests */,
				202 /* Products */,
			);
			sourceTree = "<group>";
		};
		201 /* Blossom */ = {
			isa = PBXGroup;
			children = (
				101 /* BlossomApp.swift */,
				102 /* ContentView.swift */,
				116 /* Info.plist */,
				203 /* Theme */,
				204 /* Models */,
				205 /* Views */,
				209 /* Services */,
				210 /* Fonts */,
				206 /* Content */,
				207 /* Resources */,
				109 /* Assets.xcassets */,
			);
			path = Blossom;
			sourceTree = "<group>";
		};
		202 /* Products */ = {
			isa = PBXGroup;
			children = (
				100 /* Blossom.app */,
				711 /* BlossomUITests.xctest */,
			);
			name = Products;
			sourceTree = "<group>";
		};
		720 /* BlossomUITests */ = {
			isa = PBXGroup;
			children = (
				710 /* BlossomUITests.swift */,
			);
			path = BlossomUITests;
			sourceTree = "<group>";
		};
		203 /* Theme */ = {
			isa = PBXGroup;
			children = (
				103 /* Theme.swift */,
			);
			path = Theme;
			sourceTree = "<group>";
		};
		204 /* Models */ = {
			isa = PBXGroup;
			children = (
				104 /* Models.swift */,
			);
			path = Models;
			sourceTree = "<group>";
		};
		205 /* Views */ = {
			isa = PBXGroup;
			children = (
				105 /* HomeView.swift */,
				106 /* TasksView.swift */,
				107 /* HospitalBagView.swift */,
				108 /* KnowledgeView.swift */,
				115 /* OnboardingView.swift */,
				117 /* MarkdownView.swift */,
				121 /* NotificationPreRequestView.swift */,
				122 /* BlossomFlowerIcon.swift */,
				208 /* Exercises */,
			);
			path = Views;
			sourceTree = "<group>";
		};
		208 /* Exercises */ = {
			isa = PBXGroup;
			children = (
				112 /* KegelExerciseView.swift */,
				113 /* LamazeExerciseView.swift */,
				123 /* ExerciseCompletionView.swift */,
			);
			path = Exercises;
			sourceTree = "<group>";
		};
		206 /* Content */ = {
			isa = PBXGroup;
			children = (
				110 /* ArticleContent.swift */,
			);
			path = Content;
			sourceTree = "<group>";
		};
		209 /* Services */ = {
			isa = PBXGroup;
			children = (
				120 /* NotificationManager.swift */,
			);
			path = Services;
			sourceTree = "<group>";
		};
		210 /* Fonts */ = {
			isa = PBXGroup;
			children = (
				125 /* NotoSerifSC-Light.ttf */,
				126 /* NotoSerifSC-Regular.ttf */,
				127 /* NotoSerifSC-Medium.ttf */,
				128 /* NotoSerifSC-SemiBold.ttf */,
				129 /* NotoSerifSC-Bold.ttf */,
			);
			path = Fonts;
			sourceTree = "<group>";
		};
		207 /* Resources */ = {
			isa = PBXGroup;
			children = (
				111 /* Articles */,
			);
			path = Resources;
			sourceTree = "<group>";
		};
/* End PBXGroup section */

/* Begin PBXNativeTarget section */
		300 /* Blossom */ = {
			isa = PBXNativeTarget;
			buildConfigurationList = 400;
			buildPhases = (
				301 /* Sources */,
				302 /* Resources */,
			);
			buildRules = (
			);
			dependencies = (
			);
			name = Blossom;
			productName = Blossom;
			productReference = 100 /* Blossom.app */;
			productType = "com.apple.product-type.application";
		};
		700 /* BlossomUITests */ = {
			isa = PBXNativeTarget;
			buildConfigurationList = 703;
			buildPhases = (
				701 /* Sources */,
				732 /* Frameworks */,
				702 /* Resources */,
			);
			buildRules = (
			);
			dependencies = (
				730 /* PBXTargetDependency */,
			);
			name = BlossomUITests;
			productName = BlossomUITests;
			productReference = 711 /* BlossomUITests.xctest */;
			productType = "com.apple.product-type.bundle.ui-testing";
		};
/* End PBXNativeTarget section */

/* Begin PBXContainerItemProxy section */
		731 /* PBXContainerItemProxy */ = {
			isa = PBXContainerItemProxy;
			containerPortal = 500 /* Project object */;
			proxyType = 1;
			remoteGlobalIDString = 300;
			remoteInfo = Blossom;
		};
/* End PBXContainerItemProxy section */

/* Begin PBXTargetDependency section */
		730 /* PBXTargetDependency */ = {
			isa = PBXTargetDependency;
			target = 300 /* Blossom */;
			targetProxy = 731 /* PBXContainerItemProxy */;
		};
/* End PBXTargetDependency section */

/* Begin PBXProject section */
		500 /* Project object */ = {
			isa = PBXProject;
			attributes = {
				BuildIndependentTargetsInParallel = 1;
				LastSwiftUpdateCheck = 1540;
				LastUpgradeCheck = 1540;
				TargetAttributes = {
					300 = {
						CreatedOnToolsVersion = 15.4;
					};
					700 = {
						CreatedOnToolsVersion = 15.4;
						TestTargetID = 300;
					};
				};
			};
			buildConfigurationList = 501;
			compatibilityVersion = "Xcode 14.0";
			developmentRegion = "zh-Hans";
			hasScannedForEncodings = 0;
			knownRegions = (
				en,
				"zh-Hans",
				Base,
			);
			mainGroup = 200;
			productRefGroup = 202 /* Products */;
			projectDirPath = "";
			projectRoot = "";
			targets = (
				300 /* Blossom */,
				700 /* BlossomUITests */,
			);
		};
/* End PBXProject section */

/* Begin PBXSourcesBuildPhase section */
		301 /* Sources */ = {
			isa = PBXSourcesBuildPhase;
			buildActionMask = 2147483647;
			files = (
				001 /* BlossomApp.swift in Sources */,
				002 /* ContentView.swift in Sources */,
				003 /* Theme.swift in Sources */,
				004 /* Models.swift in Sources */,
				005 /* HomeView.swift in Sources */,
				006 /* TasksView.swift in Sources */,
				007 /* HospitalBagView.swift in Sources */,
				008 /* KnowledgeView.swift in Sources */,
				010 /* ArticleContent.swift in Sources */,
				012 /* KegelExerciseView.swift in Sources */,
				013 /* LamazeExerciseView.swift in Sources */,
				015 /* OnboardingView.swift in Sources */,
				016 /* MarkdownView.swift in Sources */,
				019 /* NotificationManager.swift in Sources */,
				020 /* NotificationPreRequestView.swift in Sources */,
				021 /* BlossomFlowerIcon.swift in Sources */,
				022 /* ExerciseCompletionView.swift in Sources */,
			);
			runOnlyForDeploymentPostprocessing = 0;
		};
		701 /* Sources */ = {
			isa = PBXSourcesBuildPhase;
			buildActionMask = 2147483647;
			files = (
				712 /* BlossomUITests.swift in Sources */,
			);
			runOnlyForDeploymentPostprocessing = 0;
		};
/* End PBXSourcesBuildPhase section */

/* Begin PBXFrameworksBuildPhase section */
		732 /* Frameworks */ = {
			isa = PBXFrameworksBuildPhase;
			buildActionMask = 2147483647;
			files = (
			);
			runOnlyForDeploymentPostprocessing = 0;
		};
/* End PBXFrameworksBuildPhase section */

/* Begin PBXResourcesBuildPhase section */
		302 /* Resources */ = {
			isa = PBXResourcesBuildPhase;
			buildActionMask = 2147483647;
			files = (
				009 /* Assets.xcassets in Resources */,
				011 /* Articles in Resources */,
				024 /* NotoSerifSC-Light.ttf in Resources */,
				025 /* NotoSerifSC-Regular.ttf in Resources */,
				026 /* NotoSerifSC-Medium.ttf in Resources */,
				027 /* NotoSerifSC-SemiBold.ttf in Resources */,
				028 /* NotoSerifSC-Bold.ttf in Resources */,
			);
			runOnlyForDeploymentPostprocessing = 0;
		};
		702 /* Resources */ = {
			isa = PBXResourcesBuildPhase;
			buildActionMask = 2147483647;
			files = (
			);
			runOnlyForDeploymentPostprocessing = 0;
		};
/* End PBXResourcesBuildPhase section */

/* Begin XCBuildConfiguration section */
		600 /* Debug */ = {
			isa = XCBuildConfiguration;
			buildSettings = {
				ALWAYS_SEARCH_USER_PATHS = NO;
				ASSETCATALOG_COMPILER_GENERATE_SWIFT_ASSET_SYMBOL_EXTENSIONS = YES;
				CLANG_ANALYZER_NONNULL = YES;
				CLANG_CXX_LANGUAGE_STANDARD = "gnu++20";
				CLANG_ENABLE_MODULES = YES;
				CLANG_ENABLE_OBJC_ARC = YES;
				CLANG_WARN_BLOCK_CAPTURE_AUTORELEASING = YES;
				CLANG_WARN_BOOL_CONVERSION = YES;
				CLANG_WARN_COMMA = YES;
				CLANG_WARN_CONSTANT_CONVERSION = YES;
				CLANG_WARN_DEPRECATED_OBJC_IMPLEMENTATIONS = YES;
				CLANG_WARN_DIRECT_OBJC_ISA_USAGE = YES_ERROR;
				CLANG_WARN_DOCUMENTATION_COMMENTS = YES;
				CLANG_WARN_EMPTY_BODY = YES;
				CLANG_WARN_ENUM_CONVERSION = YES;
				CLANG_WARN_INFINITE_RECURSION = YES;
				CLANG_WARN_INT_CONVERSION = YES;
				CLANG_WARN_NON_LITERAL_NULL_CONVERSION = YES;
				CLANG_WARN_OBJC_IMPLICIT_RETAIN_SELF = YES;
				CLANG_WARN_OBJC_LITERAL_CONVERSION = YES;
				CLANG_WARN_OBJC_ROOT_CLASS = YES_ERROR;
				CLANG_WARN_QUOTED_INCLUDE_IN_FRAMEWORK_HEADER = YES;
				CLANG_WARN_RANGE_LOOP_ANALYSIS = YES;
				CLANG_WARN_STRICT_PROTOTYPES = YES;
				CLANG_WARN_SUSPICIOUS_MOVE = YES;
				CLANG_WARN_UNGUARDED_AVAILABILITY = YES_AGGRESSIVE;
				CLANG_WARN_UNREACHABLE_CODE = YES;
				CLANG_WARN__DUPLICATE_METHOD_MATCH = YES;
				COPY_PHASE_STRIP = NO;
				DEBUG_INFORMATION_FORMAT = dwarf;
				ENABLE_STRICT_OBJC_MSGSEND = YES;
				ENABLE_TESTABILITY = YES;
				GCC_DYNAMIC_NO_PIC = NO;
				GCC_NO_COMMON_BLOCKS = YES;
				GCC_OPTIMIZATION_LEVEL = 0;
				GCC_WARN_64_TO_32_BIT_CONVERSION = YES;
				GCC_WARN_ABOUT_RETURN_TYPE = YES_ERROR;
				GCC_WARN_UNDECLARED_SELECTOR = YES;
				GCC_WARN_UNINITIALIZED_AUTOS = YES_AGGRESSIVE;
				GCC_WARN_UNUSED_FUNCTION = YES;
				GCC_WARN_UNUSED_VARIABLE = YES;
				IPHONEOS_DEPLOYMENT_TARGET = 18.0;
				MTL_ENABLE_DEBUG_INFO = INCLUDE_SOURCE;
				MTL_FAST_MATH = YES;
				ONLY_ACTIVE_ARCH = YES;
				SDKROOT = iphoneos;
				SWIFT_ACTIVE_COMPILATION_CONDITIONS = "DEBUG $(inherited)";
				SWIFT_OPTIMIZATION_LEVEL = "-Onone";
			};
			name = Debug;
		};
		601 /* Release */ = {
			isa = XCBuildConfiguration;
			buildSettings = {
				ALWAYS_SEARCH_USER_PATHS = NO;
				ASSETCATALOG_COMPILER_GENERATE_SWIFT_ASSET_SYMBOL_EXTENSIONS = YES;
				CLANG_ANALYZER_NONNULL = YES;
				CLANG_CXX_LANGUAGE_STANDARD = "gnu++20";
				CLANG_ENABLE_MODULES = YES;
				CLANG_ENABLE_OBJC_ARC = YES;
				CLANG_WARN_BLOCK_CAPTURE_AUTORELEASING = YES;
				CLANG_WARN_BOOL_CONVERSION = YES;
				CLANG_WARN_COMMA = YES;
				CLANG_WARN_CONSTANT_CONVERSION = YES;
				CLANG_WARN_DEPRECATED_OBJC_IMPLEMENTATIONS = YES;
				CLANG_WARN_DIRECT_OBJC_ISA_USAGE = YES_ERROR;
				CLANG_WARN_DOCUMENTATION_COMMENTS = YES;
				CLANG_WARN_EMPTY_BODY = YES;
				CLANG_WARN_ENUM_CONVERSION = YES;
				CLANG_WARN_INFINITE_RECURSION = YES;
				CLANG_WARN_INT_CONVERSION = YES;
				CLANG_WARN_NON_LITERAL_NULL_CONVERSION = YES;
				CLANG_WARN_OBJC_IMPLICIT_RETAIN_SELF = YES;
				CLANG_WARN_OBJC_LITERAL_CONVERSION = YES;
				CLANG_WARN_OBJC_ROOT_CLASS = YES_ERROR;
				CLANG_WARN_QUOTED_INCLUDE_IN_FRAMEWORK_HEADER = YES;
				CLANG_WARN_RANGE_LOOP_ANALYSIS = YES;
				CLANG_WARN_STRICT_PROTOTYPES = YES;
				CLANG_WARN_SUSPICIOUS_MOVE = YES;
				CLANG_WARN_UNGUARDED_AVAILABILITY = YES_AGGRESSIVE;
				CLANG_WARN_UNREACHABLE_CODE = YES;
				CLANG_WARN__DUPLICATE_METHOD_MATCH = YES;
				COPY_PHASE_STRIP = NO;
				DEBUG_INFORMATION_FORMAT = "dwarf-with-dsym";
				ENABLE_NS_ASSERTIONS = NO;
				ENABLE_STRICT_OBJC_MSGSEND = YES;
				GCC_NO_COMMON_BLOCKS = YES;
				GCC_WARN_64_TO_32_BIT_CONVERSION = YES;
				GCC_WARN_ABOUT_RETURN_TYPE = YES_ERROR;
				GCC_WARN_UNDECLARED_SELECTOR = YES;
				GCC_WARN_UNINITIALIZED_AUTOS = YES_AGGRESSIVE;
				GCC_WARN_UNUSED_FUNCTION = YES;
				GCC_WARN_UNUSED_VARIABLE = YES;
				IPHONEOS_DEPLOYMENT_TARGET = 18.0;
				MTL_ENABLE_DEBUG_INFO = NO;
				MTL_FAST_MATH = YES;
				SDKROOT = iphoneos;
				SWIFT_COMPILATION_MODE = wholemodule;
				VALIDATE_PRODUCT = YES;
			};
			name = Release;
		};
		602 /* Debug */ = {
			isa = XCBuildConfiguration;
			buildSettings = {
				ASSETCATALOG_COMPILER_APPICON_NAME = AppIcon;
				ASSETCATALOG_COMPILER_GLOBAL_ACCENT_COLOR_NAME = AccentColor;
				CODE_SIGN_STYLE = Automatic;
				CURRENT_PROJECT_VERSION = 1;
				DEVELOPMENT_TEAM = "";
				ENABLE_PREVIEWS = YES;
				GENERATE_INFOPLIST_FILE = YES;
				INFOPLIST_FILE = Blossom/Info.plist;
				INFOPLIST_KEY_CFBundleDisplayName = "拾月";
				INFOPLIST_KEY_UIApplicationSceneManifest_Generation = YES;
				INFOPLIST_KEY_UIApplicationSupportsIndirectInputEvents = YES;
				INFOPLIST_KEY_UILaunchScreen_Generation = YES;
				INFOPLIST_KEY_UISupportedInterfaceOrientations_iPad = "UIInterfaceOrientationPortrait UIInterfaceOrientationPortraitUpsideDown UIInterfaceOrientationLandscapeLeft UIInterfaceOrientationLandscapeRight";
				INFOPLIST_KEY_UISupportedInterfaceOrientations_iPhone = "UIInterfaceOrientationPortrait";
				LD_RUNPATH_SEARCH_PATHS = (
					"$(inherited)",
					"@executable_path/Frameworks",
				);
				MARKETING_VERSION = 1.0;
				PRODUCT_BUNDLE_IDENTIFIER = com.blossom.shiyue;
				PRODUCT_NAME = "$(TARGET_NAME)";
				SWIFT_EMIT_LOC_STRINGS = YES;
				SWIFT_VERSION = 5.0;
				TARGETED_DEVICE_FAMILY = "1,2";
			};
			name = Debug;
		};
		603 /* Release */ = {
			isa = XCBuildConfiguration;
			buildSettings = {
				ASSETCATALOG_COMPILER_APPICON_NAME = AppIcon;
				ASSETCATALOG_COMPILER_GLOBAL_ACCENT_COLOR_NAME = AccentColor;
				CODE_SIGN_STYLE = Automatic;
				CURRENT_PROJECT_VERSION = 1;
				DEVELOPMENT_TEAM = "";
				ENABLE_PREVIEWS = YES;
				GENERATE_INFOPLIST_FILE = YES;
				INFOPLIST_FILE = Blossom/Info.plist;
				INFOPLIST_KEY_CFBundleDisplayName = "拾月";
				INFOPLIST_KEY_UIApplicationSceneManifest_Generation = YES;
				INFOPLIST_KEY_UIApplicationSupportsIndirectInputEvents = YES;
				INFOPLIST_KEY_UILaunchScreen_Generation = YES;
				INFOPLIST_KEY_UISupportedInterfaceOrientations_iPad = "UIInterfaceOrientationPortrait UIInterfaceOrientationPortraitUpsideDown UIInterfaceOrientationLandscapeLeft UIInterfaceOrientationLandscapeRight";
				INFOPLIST_KEY_UISupportedInterfaceOrientations_iPhone = "UIInterfaceOrientationPortrait";
				LD_RUNPATH_SEARCH_PATHS = (
					"$(inherited)",
					"@executable_path/Frameworks",
				);
				MARKETING_VERSION = 1.0;
				PRODUCT_BUNDLE_IDENTIFIER = com.blossom.shiyue;
				PRODUCT_NAME = "$(TARGET_NAME)";
				SWIFT_EMIT_LOC_STRINGS = YES;
				SWIFT_VERSION = 5.0;
				TARGETED_DEVICE_FAMILY = "1,2";
			};
			name = Release;
		};
		704 /* Debug */ = {
			isa = XCBuildConfiguration;
			buildSettings = {
				CODE_SIGN_STYLE = Automatic;
				CURRENT_PROJECT_VERSION = 1;
				DEVELOPMENT_TEAM = "";
				GENERATE_INFOPLIST_FILE = YES;
				IPHONEOS_DEPLOYMENT_TARGET = 18.0;
				MARKETING_VERSION = 1.0;
				PRODUCT_BUNDLE_IDENTIFIER = com.blossom.shiyue.uitests;
				PRODUCT_NAME = "$(TARGET_NAME)";
				SWIFT_EMIT_LOC_STRINGS = NO;
				SWIFT_VERSION = 5.0;
				TARGETED_DEVICE_FAMILY = "1,2";
				TEST_TARGET_NAME = Blossom;
			};
			name = Debug;
		};
		705 /* Release */ = {
			isa = XCBuildConfiguration;
			buildSettings = {
				CODE_SIGN_STYLE = Automatic;
				CURRENT_PROJECT_VERSION = 1;
				DEVELOPMENT_TEAM = "";
				GENERATE_INFOPLIST_FILE = YES;
				IPHONEOS_DEPLOYMENT_TARGET = 18.0;
				MARKETING_VERSION = 1.0;
				PRODUCT_BUNDLE_IDENTIFIER = com.blossom.shiyue.uitests;
				PRODUCT_NAME = "$(TARGET_NAME)";
				SWIFT_EMIT_LOC_STRINGS = NO;
				SWIFT_VERSION = 5.0;
				TARGETED_DEVICE_FAMILY = "1,2";
				TEST_TARGET_NAME = Blossom;
			};
			name = Release;
		};
/* End XCBuildConfiguration section */

/* Begin XCConfigurationList section */
		400 /* Build configuration list for PBXNativeTarget "Blossom" */ = {
			isa = XCConfigurationList;
			buildConfigurations = (
				602 /* Debug */,
				603 /* Release */,
			);
			defaultConfigurationIsVisible = 0;
			defaultConfigurationName = Release;
		};
		501 /* Build configuration list for PBXProject "Blossom" */ = {
			isa = XCConfigurationList;
			buildConfigurations = (
				600 /* Debug */,
				601 /* Release */,
			);
			defaultConfigurationIsVisible = 0;
			defaultConfigurationName = Release;
		};
		703 /* Build configuration list for PBXNativeTarget "BlossomUITests" */ = {
			isa = XCConfigurationList;
			buildConfigurations = (
				704 /* Debug */,
				705 /* Release */,
			);
			defaultConfigurationIsVisible = 0;
			defaultConfigurationName = Release;
		};
/* End XCConfigurationList section */
	};
	rootObject = 500 /* Project object */;
}
